<?xml version="1.0" encoding="utf-8"?>
<Project ToolsVersion="4.0" xmlns="http://schemas.microsoft.com/developer/msbuild/2003">
  <ItemGroup>
    <Filter Include="Source Files">
      <UniqueIdentifier>{4FC737F1-C7A5-4376-A066-2A32D752A2FF}</UniqueIdentifier>
      <Extensions>cpp;c;cc;cxx;def;odl;idl;hpj;bat;asm;asmx</Extensions>
    </Filter>
    <Filter Include="Header Files">
      <UniqueIdentifier>{93995380-89BD-4b04-88EB-625FBE52EBFB}</UniqueIdentifier>
      <Extensions>h;hh;hpp;hxx;hm;inl;inc;xsd</Extensions>
    </Filter>
    <Filter Include="Resource Files">
      <UniqueIdentifier>{67DA6AB6-F800-4c08-8B7A-83BB121AAD01}</UniqueIdentifier>
      <Extensions>rc;ico;cur;bmp;dlg;rc2;rct;bin;rgs;gif;jpg;jpeg;jpe;resx;tiff;tif;png;wav;mfcribbon-ms</Extensions>
    </Filter>
    <Filter Include="Utils">
      <UniqueIdentifier>{db0023f5-1a1a-4821-bec2-44623546933d}</UniqueIdentifier>
    </Filter>
    <Filter Include="Tests">
      <UniqueIdentifier>{8b570535-b574-4003-b541-216641707701}</UniqueIdentifier>
    </Filter>
    <Filter Include="DTO">
      <UniqueIdentifier>{9e615125-d94e-4d0e-95c4-eb4180ec8af9}</UniqueIdentifier>
    </Filter>
    <Filter Include="Render">
      <UniqueIdentifier>{ae14127f-3eb2-4fd2-b368-c3c15cc2a1b9}</UniqueIdentifier>
    </Filter>
  </ItemGroup>
  <ItemGroup>
    <ClCompile Include="AppStart.cpp">
      <Filter>Source Files</Filter>
    </ClCompile>
    <ClCompile Include="Utils\Functions.cpp">
      <Filter>Utils</Filter>
    </ClCompile>
    <ClCompile Include="DTO\DataObject.cpp">
      <Filter>DTO</Filter>
    </ClCompile>
    <ClCompile Include="DTO\DataManager.cpp">
      <Filter>DTO</Filter>
    </ClCompile>
    <ClCompile Include="Render\TemplateRender.cpp">
      <Filter>Render</Filter>
    </ClCompile>
    <ClCompile Include="Render\Parser.cpp">
      <Filter>Render</Filter>
    </ClCompile>
  </ItemGroup>
  <ItemGroup>
    <ClInclude Include="Utils\Functions.h">
      <Filter>Utils</Filter>
    </ClInclude>
    <ClInclude Include="Tests\Tests.h">
      <Filter>Tests</Filter>
    </ClInclude>
    <ClInclude Include="DTO\DataObject.h">
      <Filter>DTO</Filter>
    </ClInclude>
    <ClInclude Include="DTO\DataManager.h">
      <Filter>DTO</Filter>
    </ClInclude>
    <ClInclude Include="Utils\CppCodeTemplate.h">
      <Filter>Utils</Filter>
    </ClInclude>
    <ClInclude Include="Render\TemplateRender.h">
      <Filter>Render</Filter>
    </ClInclude>
    <ClInclude Include="Render\Parser.h">
      <Filter>Render</Filter>
    </ClInclude>
    <ClInclude Include="Render\Compile.h">
      <Filter>Render</Filter>
    </ClInclude>
  </ItemGroup>
  <ItemGroup>
    <None Include="Tests\TestCppHtmlPage.htm">
      <Filter>Tests</Filter>
    </None>
    <None Include="Rendered_HTML_Page\index.html" />
  </ItemGroup>
</Project>